Microsoft Visual Studio Solution File, Format Version 12.00
# Visual Studio Version 17
VisualStudioVersion = 17.5.2.0
MinimumVisualStudioVersion = 10.0.40219.1
Project("{FAE04EC0-301F-11D3-BF4B-00C04F79EFBC}") = "clinicaDukeDB", "clinicaDukeDB.csproj", "{36E34750-3886-BD16-5E26-62B5160A986C}"
EndProject
Global
	GlobalSection(SolutionConfigurationPlatforms) = preSolution
		Debug|Any CPU = Debug|Any CPU
		Release|Any CPU = Release|Any CPU
	EndGlobalSection
	GlobalSection(ProjectConfigurationPlatforms) = postSolution
		{36E34750-3886-BD16-5E26-62B5160A986C}.Debug|Any CPU.ActiveCfg = Debug|Any CPU
		{36E34750-3886-BD16-5E26-62B5160A986C}.Debug|Any CPU.Build.0 = Debug|Any CPU
		{36E34750-3886-BD16-5E26-62B5160A986C}.Release|Any CPU.ActiveCfg = Release|Any CPU
		{36E34750-3886-BD16-5E26-62B5160A986C}.Release|Any CPU.Build.0 = Release|Any CPU
	EndGlobalSection
	GlobalSection(SolutionProperties) = preSolution
		HideSolutionNode = FALSE
	EndGlobalSection
	GlobalSection(ExtensibilityGlobals) = postSolution
		SolutionGuid = {7B8217FA-A4EF-4E5B-87E2-EB80847E5261}
	EndGlobalSection
EndGlobal
